{
  "lockfileVersion": 1,
  "configVersion": 1,
  "workspaces": {
    "": {
      "dependencies": {
        "@socket.io/redis-adapter": "^8.3.0",
      },
    },
  },
  "packages": {
    "@socket.io/redis-adapter": ["@socket.io/redis-adapter@8.3.0", "", { "dependencies": { "debug": "~4.3.1", "notepack.io": "~3.0.1", "uid2": "1.0.0" }, "peerDependencies": { "socket.io-adapter": "^2.5.4" } }, "sha512-ly0cra+48hDmChxmIpnESKrc94LjRL80TEmZVscuQ/WWkRP81nNj8W8cCGMqbI4L6NCuAaPRSzZF1a9GlAxxnA=="],

    "debug": ["debug@4.3.7", "", { "dependencies": { "ms": "^2.1.3" } }, "sha512-Er2nc/H7RrMXZBFCEim6TCmMk02Z8vLC2Rbi1KEBggpo0fS6l0S1nnapwmIi3yW/+GOJap1Krg4w0Hg80oCqgQ=="],

    "ms": ["ms@2.1.3", "", {}, "sha512-6FlzubTLZG3J2a/NVCAleEhjzq5oxgHyaCU9yYXvcLsvoVaHJq/s5xXI6/XXP6tz7R9xAOtHnSO/tXtF3WRTlA=="],

    "notepack.io": ["notepack.io@3.0.1", "", {}, "sha512-TKC/8zH5pXIAMVQio2TvVDTtPRX+DJPHDqjRbxogtFiByHyzKmy96RA0JtCQJ+WouyyL4A10xomQzgbUT+1jCg=="],

    "socket.io-adapter": ["socket.io-adapter@2.5.6", "", { "dependencies": { "debug": "~4.4.1", "ws": "~8.18.3" } }, "sha512-DkkO/dz7MGln0dHn5bmN3pPy+JmywNICWrJqVWiVOyvXjWQFIv9c2h24JrQLLFJ2aQVQf/Cvl1vblnd4r2apLQ=="],

    "uid2": ["uid2@1.0.0", "", {}, "sha512-+I6aJUv63YAcY9n4mQreLUt0d4lvwkkopDNmpomkAUz0fAkEMV9pRWxN0EjhW1YfRhcuyHg2v3mwddCDW1+LFQ=="],

    "ws": ["ws@8.18.3", "", { "peerDependencies": { "bufferutil": "^4.0.1", "utf-8-validate": ">=5.0.2" }, "optionalPeers": ["bufferutil", "utf-8-validate"] }, "sha512-PEIGCY5tSlUt50cqyMXfCzX+oOPqN0vuGqWzbcJ2xvnkzkq46oOpz7dQaTDBdfICb4N14+GARUDw2XV2N4tvzg=="],

    "socket.io-adapter/debug": ["debug@4.4.3", "", { "dependencies": { "ms": "^2.1.3" } }, "sha512-RGwwWnwQvkVfavKVt22FGLw+xYSdzARwm0ru6DhTVA3umU5hZc28V3kO4stgYryrTlLpuvgI9GiijltAjNbcqA=="],
  }
}
